// !$*UTF8*$!
{
	archiveVersion = 1;
	classes = {
	};
	objectVersion = 55;
	objects = {

/* Begin PBXBuildFile section */
		ADDE38D02796E23C00BAA466 /* currencycalculatorApp.swift in Sources */ = {isa = PBXBuildFile; fileRef = ADDE38C02796E23B00BAA466 /* currencycalculatorApp.swift */; };
		ADDE38D12796E23C00BAA466 /* currencycalculatorApp.swift in Sources */ = {isa = PBXBuildFile; fileRef = ADDE38C02796E23B00BAA466 /* currencycalculatorApp.swift */; };
		ADDE38D22796E23C00BAA466 /* ContentView.swift in Sources */ = {isa = PBXBuildFile; fileRef = ADDE38C12796E23B00BAA466 /* ContentView.swift */; };
		ADDE38D32796E23C00BAA466 /* ContentView.swift in Sources */ = {isa = PBXBuildFile; fileRef = ADDE38C12796E23B00BAA466 /* ContentView.swift */; };
		ADDE38D42796E23C00BAA466 /* Assets.xcassets in Resources */ = {isa = PBXBuildFile; fileRef = ADDE38C22796E23C00BAA466 /* Assets.xcassets */; };
		ADDE38D52796E23C00BAA466 /* Assets.xcassets in Resources */ = {isa = PBXBuildFile; fileRef = ADDE38C22796E23C00BAA466 /* Assets.xcassets */; };
		ADE9E10E2796E3C300ED789F /* Alamofire in Frameworks */ = {isa = PBXBuildFile; productRef = ADE9E10D2796E3C300ED789F /* Alamofire */; };
		ADE9E1122796E3FB00ED789F /* APIClient.swift in Sources */ = {isa = PBXBuildFile; fileRef = ADE9E1112796E3FB00ED789F /* APIClient.swift */; };
		ADE9E1142796E49900ED789F /* CurrencyAPI.swift in Sources */ = {isa = PBXBuildFile; fileRef = ADE9E1132796E49900ED789F /* CurrencyAPI.swift */; };
		ADE9E1172796E5FA00ED789F /* Currency.swift in Sources */ = {isa = PBXBuildFile; fileRef = ADE9E1162796E5FA00ED789F /* Currency.swift */; };
		ADE9E1192796E75200ED789F /* ViewModel.swift in Sources */ = {isa = PBXBuildFile; fileRef = ADE9E1182796E75200ED789F /* ViewModel.swift */; };
		ADE9E11B2796E7D700ED789F /* BaseViewModel.swift in Sources */ = {isa = PBXBuildFile; fileRef = ADE9E11A2796E7D700ED789F /* BaseViewModel.swift */; };
		ADE9E11E2796E8A400ED789F /* AlamofireNetworkActivityLogger in Frameworks */ = {isa = PBXBuildFile; productRef = ADE9E11D2796E8A400ED789F /* AlamofireNetworkActivityLogger */; };
		ADE9E1222796F6C800ED789F /* Double.swift in Sources */ = {isa = PBXBuildFile; fileRef = ADE9E1212796F6C800ED789F /* Double.swift */; };
/* End PBXBuildFile section */

/* Begin PBXFileReference section */
		ADDE38C02796E23B00BAA466 /* currencycalculatorApp.swift */ = {isa = PBXFileReference; lastKnownFileType = sourcecode.swift; path = currencycalculatorApp.swift; sourceTree = "<group>"; };
		ADDE38C12796E23B00BAA466 /* ContentView.swift */ = {isa = PBXFileReference; lastKnownFileType = sourcecode.swift; path = ContentView.swift; sourceTree = "<group>"; };
		ADDE38C22796E23C00BAA466 /* Assets.xcassets */ = {isa = PBXFileReference; lastKnownFileType = folder.assetcatalog; path = Assets.xcassets; sourceTree = "<group>"; };
		ADDE38C72796E23C00BAA466 /* currencycalculator.app */ = {isa = PBXFileReference; explicitFileType = wrapper.application; includeInIndex = 0; path = currencycalculator.app; sourceTree = BUILT_PRODUCTS_DIR; };
		ADDE38CD2796E23C00BAA466 /* currencycalculator.app */ = {isa = PBXFileReference; explicitFileType = wrapper.application; includeInIndex = 0; path = currencycalculator.app; sourceTree = BUILT_PRODUCTS_DIR; };
		ADDE38CF2796E23C00BAA466 /* macOS.entitlements */ = {isa = PBXFileReference; lastKnownFileType = text.plist.entitlements; path = macOS.entitlements; sourceTree = "<group>"; };
		ADE9E1112796E3FB00ED789F /* APIClient.swift */ = {isa = PBXFileReference; lastKnownFileType = sourcecode.swift; path = APIClient.swift; sourceTree = "<group>"; };
		ADE9E1132796E49900ED789F /* CurrencyAPI.swift */ = {isa = PBXFileReference; lastKnownFileType = sourcecode.swift; path = CurrencyAPI.swift; sourceTree = "<group>"; };
		ADE9E1162796E5FA00ED789F /* Currency.swift */ = {isa = PBXFileReference; lastKnownFileType = sourcecode.swift; path = Currency.swift; sourceTree = "<group>"; };
		ADE9E1182796E75200ED789F /* ViewModel.swift */ = {isa = PBXFileReference; lastKnownFileType = sourcecode.swift; path = ViewModel.swift; sourceTree = "<group>"; };
		ADE9E11A2796E7D700ED789F /* BaseViewModel.swift */ = {isa = PBXFileReference; lastKnownFileType = sourcecode.swift; path = BaseViewModel.swift; sourceTree = "<group>"; };
		ADE9E11F2796E92300ED789F /* currencycalculator--iOS--Info.plist */ = {isa = PBXFileReference; lastKnownFileType = text.plist; path = "currencycalculator--iOS--Info.plist"; sourceTree = "<group>"; };
		ADE9E1212796F6C800ED789F /* Double.swift */ = {isa = PBXFileReference; lastKnownFileType = sourcecode.swift; path = Double.swift; sourceTree = "<group>"; };
/* End PBXFileReference section */

/* Begin PBXFrameworksBuildPhase section */
		ADDE38C42796E23C00BAA466 /* Frameworks */ = {
			isa = PBXFrameworksBuildPhase;
			buildActionMask = 2147483647;
			files = (
				ADE9E10E2796E3C300ED789F /* Alamofire in Frameworks */,
				ADE9E11E2796E8A400ED789F /* AlamofireNetworkActivityLogger in Frameworks */,
			);
			runOnlyForDeploymentPostprocessing = 0;
		};
		ADDE38CA2796E23C00BAA466 /* Frameworks */ = {
			isa = PBXFrameworksBuildPhase;
			buildActionMask = 2147483647;
			files = (
			);
			runOnlyForDeploymentPostprocessing = 0;
		};
/* End PBXFrameworksBuildPhase section */

/* Begin PBXGroup section */
		ADDE38BA2796E23B00BAA466 = {
			isa = PBXGroup;
			children = (
				ADE9E11F2796E92300ED789F /* currencycalculator--iOS--Info.plist */,
				ADDE38BF2796E23B00BAA466 /* Shared */,
				ADDE38CE2796E23C00BAA466 /* macOS */,
				ADDE38C82796E23C00BAA466 /* Products */,
			);
			sourceTree = "<group>";
		};
		ADDE38BF2796E23B00BAA466 /* Shared */ = {
			isa = PBXGroup;
			children = (
				ADE9E1202796F6B200ED789F /* Extension */,
				ADE9E1152796E5EF00ED789F /* Model */,
				ADE9E10F2796E3CA00ED789F /* ViewModel */,
				ADE9E1102796E3D200ED789F /* API */,
				ADDE38C02796E23B00BAA466 /* currencycalculatorApp.swift */,
				ADDE38C12796E23B00BAA466 /* ContentView.swift */,
				ADDE38C22796E23C00BAA466 /* Assets.xcassets */,
			);
			path = Shared;
			sourceTree = "<group>";
		};
		ADDE38C82796E23C00BAA466 /* Products */ = {
			isa = PBXGroup;
			children = (
				ADDE38C72796E23C00BAA466 /* currencycalculator.app */,
				ADDE38CD2796E23C00BAA466 /* currencycalculator.app */,
			);
			name = Products;
			sourceTree = "<group>";
		};
		ADDE38CE2796E23C00BAA466 /* macOS */ = {
			isa = PBXGroup;
			children = (
				ADDE38CF2796E23C00BAA466 /* macOS.entitlements */,
			);
			path = macOS;
			sourceTree = "<group>";
		};
		ADE9E10F2796E3CA00ED789F /* ViewModel */ = {
			isa = PBXGroup;
			children = (
				ADE9E1182796E75200ED789F /* ViewModel.swift */,
				ADE9E11A2796E7D700ED789F /* BaseViewModel.swift */,
			);
			path = ViewModel;
			sourceTree = "<group>";
		};
		ADE9E1102796E3D200ED789F /* API */ = {
			isa = PBXGroup;
			children = (
				ADE9E1112796E3FB00ED789F /* APIClient.swift */,
				ADE9E1132796E49900ED789F /* CurrencyAPI.swift */,
			);
			path = API;
			sourceTree = "<group>";
		};
		ADE9E1152796E5EF00ED789F /* Model */ = {
			isa = PBXGroup;
			children = (
				ADE9E1162796E5FA00ED789F /* Currency.swift */,
			);
			path = Model;
			sourceTree = "<group>";
		};
		ADE9E1202796F6B200ED789F /* Extension */ = {
			isa = PBXGroup;
			children = (
				ADE9E1212796F6C800ED789F /* Double.swift */,
			);
			path = Extension;
			sourceTree = "<group>";
		};
/* End PBXGroup section */

/* Begin PBXNativeTarget section */
		ADDE38C62796E23C00BAA466 /* currencycalculator (iOS) */ = {
			isa = PBXNativeTarget;
			buildConfigurationList = ADDE38D82796E23C00BAA466 /* Build configuration list for PBXNativeTarget "currencycalculator (iOS)" */;
			buildPhases = (
				ADDE38C32796E23C00BAA466 /* Sources */,
				ADDE38C42796E23C00BAA466 /* Frameworks */,
				ADDE38C52796E23C00BAA466 /* Resources */,
			);
			buildRules = (
			);
			dependencies = (
			);
			name = "currencycalculator (iOS)";
			packageProductDependencies = (
				ADE9E10D2796E3C300ED789F /* Alamofire */,
				ADE9E11D2796E8A400ED789F /* AlamofireNetworkActivityLogger */,
			);
			productName = "currencycalculator (iOS)";
			productReference = ADDE38C72796E23C00BAA466 /* currencycalculator.app */;
			productType = "com.apple.product-type.application";
		};
		ADDE38CC2796E23C00BAA466 /* currencycalculator (macOS) */ = {
			isa = PBXNativeTarget;
			buildConfigurationList = ADDE38DB2796E23C00BAA466 /* Build configuration list for PBXNativeTarget "currencycalculator (macOS)" */;
			buildPhases = (
				ADDE38C92796E23C00BAA466 /* Sources */,
				ADDE38CA2796E23C00BAA466 /* Frameworks */,
				ADDE38CB2796E23C00BAA466 /* Resources */,
			);
			buildRules = (
			);
			dependencies = (
			);
			name = "currencycalculator (macOS)";
			productName = "currencycalculator (macOS)";
			productReference = ADDE38CD2796E23C00BAA466 /* currencycalculator.app */;
			productType = "com.apple.product-type.application";
		};
/* End PBXNativeTarget section */

/* Begin PBXProject section */
		ADDE38BB2796E23B00BAA466 /* Project object */ = {
			isa = PBXProject;
			attributes = {
				BuildIndependentTargetsInParallel = 1;
				LastSwiftUpdateCheck = 1320;
				LastUpgradeCheck = 1320;
				TargetAttributes = {
					ADDE38C62796E23C00BAA466 = {
						CreatedOnToolsVersion = 13.2.1;
					};
					ADDE38CC2796E23C00BAA466 = {
						CreatedOnToolsVersion = 13.2.1;
					};
				};
			};
			buildConfigurationList = ADDE38BE2796E23B00BAA466 /* Build configuration list for PBXProject "currencycalculator" */;
			compatibilityVersion = "Xcode 13.0";
			developmentRegion = en;
			hasScannedForEncodings = 0;
			knownRegions = (
				en,
				Base,
			);
			mainGroup = ADDE38BA2796E23B00BAA466;
			packageReferences = (
				ADE9E10C2796E3C300ED789F /* XCRemoteSwiftPackageReference "Alamofire" */,
				ADE9E11C2796E8A400ED789F /* XCRemoteSwiftPackageReference "AlamofireNetworkActivityLogger" */,
			);
			productRefGroup = ADDE38C82796E23C00BAA466 /* Products */;
			projectDirPath = "";
			projectRoot = "";
			targets = (
				ADDE38C62796E23C00BAA466 /* currencycalculator (iOS) */,
				ADDE38CC2796E23C00BAA466 /* currencycalculator (macOS) */,
			);
		};
/* End PBXProject section */

/* Begin PBXResourcesBuildPhase section */
		ADDE38C52796E23C00BAA466 /* Resources */ = {
			isa = PBXResourcesBuildPhase;
			buildActionMask = 2147483647;
			files = (
				ADDE38D42796E23C00BAA466 /* Assets.xcassets in Resources */,
			);
			runOnlyForDeploymentPostprocessing = 0;
		};
		ADDE38CB2796E23C00BAA466 /* Resources */ = {
			isa = PBXResourcesBuildPhase;
			buildActionMask = 2147483647;
			files = (
				ADDE38D52796E23C00BAA466 /* Assets.xcassets in Resources */,
			);
			runOnlyForDeploymentPostprocessing = 0;
		};
/* End PBXResourcesBuildPhase section */

/* Begin PBXSourcesBuildPhase section */
		ADDE38C32796E23C00BAA466 /* Sources */ = {
			isa = PBXSourcesBuildPhase;
			buildActionMask = 2147483647;
			files = (
				ADDE38D22796E23C00BAA466 /* ContentView.swift in Sources */,
				ADE9E1172796E5FA00ED789F /* Currency.swift in Sources */,
				ADE9E1222796F6C800ED789F /* Double.swift in Sources */,
				ADE9E1142796E49900ED789F /* CurrencyAPI.swift in Sources */,
				ADE9E11B2796E7D700ED789F /* BaseViewModel.swift in Sources */,
				ADDE38D02796E23C00BAA466 /* currencycalculatorApp.swift in Sources */,
				ADE9E1192796E75200ED789F /* ViewModel.swift in Sources */,
				ADE9E1122796E3FB00ED789F /* APIClient.swift in Sources */,
			);
			runOnlyForDeploymentPostprocessing = 0;
		};
		ADDE38C92796E23C00BAA466 /* Sources */ = {
			isa = PBXSourcesBuildPhase;
			buildActionMask = 2147483647;
			files = (
				ADDE38D32796E23C00BAA466 /* ContentView.swift in Sources */,
				ADDE38D12796E23C00BAA466 /* currencycalculatorApp.swift in Sources */,
			);
			runOnlyForDeploymentPostprocessing = 0;
		};
/* End PBXSourcesBuildPhase section */

/* Begin XCBuildConfiguration section */
		ADDE38D62796E23C00BAA466 /* Debug */ = {
			isa = XCBuildConfiguration;
			buildSettings = {
				ALWAYS_SEARCH_USER_PATHS = NO;
				CLANG_ANALYZER_NONNULL = YES;
				CLANG_ANALYZER_NUMBER_OBJECT_CONVERSION = YES_AGGRESSIVE;
				CLANG_CXX_LANGUAGE_STANDARD = "gnu++17";
				CLANG_CXX_LIBRARY = "libc++";
				CLANG_ENABLE_MODULES = YES;
				CLANG_ENABLE_OBJC_ARC = YES;
				CLANG_ENABLE_OBJC_WEAK = YES;
				CLANG_WARN_BLOCK_CAPTURE_AUTORELEASING = YES;
				CLANG_WARN_BOOL_CONVERSION = YES;
				CLANG_WARN_COMMA = YES;
				CLANG_WARN_CONSTANT_CONVERSION = YES;
				CLANG_WARN_DEPRECATED_OBJC_IMPLEMENTATIONS = YES;
				CLANG_WARN_DIRECT_OBJC_ISA_USAGE = YES_ERROR;
				CLANG_WARN_DOCUMENTATION_COMMENTS = YES;
				CLANG_WARN_EMPTY_BODY = YES;
				CLANG_WARN_ENUM_CONVERSION = YES;
				CLANG_WARN_INFINITE_RECURSION = YES;
				CLANG_WARN_INT_CONVERSION = YES;
				CLANG_WARN_NON_LITERAL_NULL_CONVERSION = YES;
				CLANG_WARN_OBJC_IMPLICIT_RETAIN_SELF = YES;
				CLANG_WARN_OBJC_LITERAL_CONVERSION = YES;
				CLANG_WARN_OBJC_ROOT_CLASS = YES_ERROR;
				CLANG_WARN_QUOTED_INCLUDE_IN_FRAMEWORK_HEADER = YES;
				CLANG_WARN_RANGE_LOOP_ANALYSIS = YES;
				CLANG_WARN_STRICT_PROTOTYPES = YES;
				CLANG_WARN_SUSPICIOUS_MOVE = YES;
				CLANG_WARN_UNGUARDED_AVAILABILITY = YES_AGGRESSIVE;
				CLANG_WARN_UNREACHABLE_CODE = YES;
				CLANG_WARN__DUPLICATE_METHOD_MATCH = YES;
				COPY_PHASE_STRIP = NO;
				DEBUG_INFORMATION_FORMAT = dwarf;
				ENABLE_STRICT_OBJC_MSGSEND = YES;
				ENABLE_TESTABILITY = YES;
				GCC_C_LANGUAGE_STANDARD = gnu11;
				GCC_DYNAMIC_NO_PIC = NO;
				GCC_NO_COMMON_BLOCKS = YES;
				GCC_OPTIMIZATION_LEVEL = 0;
				GCC_PREPROCESSOR_DEFINITIONS = (
					"DEBUG=1",
					"$(inherited)",
				);
				GCC_WARN_64_TO_32_BIT_CONVERSION = YES;
				GCC_WARN_ABOUT_RETURN_TYPE = YES_ERROR;
				GCC_WARN_UNDECLARED_SELECTOR = YES;
				GCC_WARN_UNINITIALIZED_AUTOS = YES_AGGRESSIVE;
				GCC_WARN_UNUSED_FUNCTION = YES;
				GCC_WARN_UNUSED_VARIABLE = YES;
				MTL_ENABLE_DEBUG_INFO = INCLUDE_SOURCE;
				MTL_FAST_MATH = YES;
				ONLY_ACTIVE_ARCH = YES;
				SWIFT_ACTIVE_COMPILATION_CONDITIONS = DEBUG;
				SWIFT_OPTIMIZATION_LEVEL = "-Onone";
			};
			name = Debug;
		};
		ADDE38D72796E23C00BAA466 /* Release */ = {
			isa = XCBuildConfiguration;
			buildSettings = {
				ALWAYS_SEARCH_USER_PATHS = NO;
				CLANG_ANALYZER_NONNULL = YES;
				CLANG_ANALYZER_NUMBER_OBJECT_CONVERSION = YES_AGGRESSIVE;
				CLANG_CXX_LANGUAGE_STANDARD = "gnu++17";
				CLANG_CXX_LIBRARY = "libc++";
				CLANG_ENABLE_MODULES = YES;
				CLANG_ENABLE_OBJC_ARC = YES;
				CLANG_ENABLE_OBJC_WEAK = YES;
				CLANG_WARN_BLOCK_CAPTURE_AUTORELEASING = YES;
				CLANG_WARN_BOOL_CONVERSION = YES;
				CLANG_WARN_COMMA = YES;
				CLANG_WARN_CONSTANT_CONVERSION = YES;
				CLANG_WARN_DEPRECATED_OBJC_IMPLEMENTATIONS = YES;
				CLANG_WARN_DIRECT_OBJC_ISA_USAGE = YES_ERROR;
				CLANG_WARN_DOCUMENTATION_COMMENTS = YES;
				CLANG_WARN_EMPTY_BODY = YES;
				CLANG_WARN_ENUM_CONVERSION = YES;
				CLANG_WARN_INFINITE_RECURSION = YES;
				CLANG_WARN_INT_CONVERSION = YES;
				CLANG_WARN_NON_LITERAL_NULL_CONVERSION = YES;
				CLANG_WARN_OBJC_IMPLICIT_RETAIN_SELF = YES;
				CLANG_WARN_OBJC_LITERAL_CONVERSION = YES;
				CLANG_WARN_OBJC_ROOT_CLASS = YES_ERROR;
				CLANG_WARN_QUOTED_INCLUDE_IN_FRAMEWORK_HEADER = YES;
				CLANG_WARN_RANGE_LOOP_ANALYSIS = YES;
				CLANG_WARN_STRICT_PROTOTYPES = YES;
				CLANG_WARN_SUSPICIOUS_MOVE = YES;
				CLANG_WARN_UNGUARDED_AVAILABILITY = YES_AGGRESSIVE;
				CLANG_WARN_UNREACHABLE_CODE = YES;
				CLANG_WARN__DUPLICATE_METHOD_MATCH = YES;
				COPY_PHASE_STRIP = NO;
				DEBUG_INFORMATION_FORMAT = "dwarf-with-dsym";
				ENABLE_NS_ASSERTIONS = NO;
				ENABLE_STRICT_OBJC_MSGSEND = YES;
				GCC_C_LANGUAGE_STANDARD = gnu11;
				GCC_NO_COMMON_BLOCKS = YES;
				GCC_WARN_64_TO_32_BIT_CONVERSION = YES;
				GCC_WARN_ABOUT_RETURN_TYPE = YES_ERROR;
				GCC_WARN_UNDECLARED_SELECTOR = YES;
				GCC_WARN_UNINITIALIZED_AUTOS = YES_AGGRESSIVE;
				GCC_WARN_UNUSED_FUNCTION = YES;
				GCC_WARN_UNUSED_VARIABLE = YES;
				MTL_ENABLE_DEBUG_INFO = NO;
				MTL_FAST_MATH = YES;
				SWIFT_COMPILATION_MODE = wholemodule;
				SWIFT_OPTIMIZATION_LEVEL = "-O";
			};
			name = Release;
		};
		ADDE38D92796E23C00BAA466 /* Debug */ = {
			isa = XCBuildConfiguration;
			buildSettings = {
				ASSETCATALOG_COMPILER_APPICON_NAME = AppIcon;
				ASSETCATALOG_COMPILER_GLOBAL_ACCENT_COLOR_NAME = AccentColor;
				CODE_SIGN_STYLE = Automatic;
				CURRENT_PROJECT_VERSION = 1;
				DEVELOPMENT_TEAM = B8ANYGLUWU;
				ENABLE_PREVIEWS = YES;
				GENERATE_INFOPLIST_FILE = YES;
				INFOPLIST_FILE = "currencycalculator--iOS--Info.plist";
				INFOPLIST_KEY_UIApplicationSceneManifest_Generation = YES;
				INFOPLIST_KEY_UIApplicationSupportsIndirectInputEvents = YES;
				INFOPLIST_KEY_UILaunchScreen_Generation = YES;
				INFOPLIST_KEY_UISupportedInterfaceOrientations_iPad = "UIInterfaceOrientationPortrait UIInterfaceOrientationPortraitUpsideDown UIInterfaceOrientationLandscapeLeft UIInterfaceOrientationLandscapeRight";
				INFOPLIST_KEY_UISupportedInterfaceOrientations_iPhone = "UIInterfaceOrientationPortrait UIInterfaceOrientationLandscapeLeft UIInterfaceOrientationLandscapeRight";
				IPHONEOS_DEPLOYMENT_TARGET = 15.2;
				LD_RUNPATH_SEARCH_PATHS = (
					"$(inherited)",
					"@executable_path/Frameworks",
				);
				MARKETING_VERSION = 1.0;
				PRODUCT_BUNDLE_IDENTIFIER = com.sangku.currencycalculator;
				PRODUCT_NAME = currencycalculator;
				SDKROOT = iphoneos;
				SWIFT_EMIT_LOC_STRINGS = YES;
				SWIFT_VERSION = 5.0;
				TARGETED_DEVICE_FAMILY = "1,2";
			};
			name = Debug;
		};
		ADDE38DA2796E23C00BAA466 /* Release */ = {
			isa = XCBuildConfiguration;
			buildSettings = {
				ASSETCATALOG_COMPILER_APPICON_NAME = AppIcon;
				ASSETCATALOG_COMPILER_GLOBAL_ACCENT_COLOR_NAME = AccentColor;
				CODE_SIGN_STYLE = Automatic;
				CURRENT_PROJECT_VERSION = 1;
				DEVELOPMENT_TEAM = B8ANYGLUWU;
				ENABLE_PREVIEWS = YES;
				GENERATE_INFOPLIST_FILE = YES;
				INFOPLIST_FILE = "currencycalculator--iOS--Info.plist";
				INFOPLIST_KEY_UIApplicationSceneManifest_Generation = YES;
				INFOPLIST_KEY_UIApplicationSupportsIndirectInputEvents = YES;
				INFOPLIST_KEY_UILaunchScreen_Generation = YES;
				INFOPLIST_KEY_UISupportedInterfaceOrientations_iPad = "UIInterfaceOrientationPortrait UIInterfaceOrientationPortraitUpsideDown UIInterfaceOrientationLandscapeLeft UIInterfaceOrientationLandscapeRight";
				INFOPLIST_KEY_UISupportedInterfaceOrientations_iPhone = "UIInterfaceOrientationPortrait UIInterfaceOrientationLandscapeLeft UIInterfaceOrientationLandscapeRight";
				IPHONEOS_DEPLOYMENT_TARGET = 15.2;
				LD_RUNPATH_SEARCH_PATHS = (
					"$(inherited)",
					"@executable_path/Frameworks",
				);
				MARKETING_VERSION = 1.0;
				PRODUCT_BUNDLE_IDENTIFIER = com.sangku.currencycalculator;
				PRODUCT_NAME = currencycalculator;
				SDKROOT = iphoneos;
				SWIFT_EMIT_LOC_STRINGS = YES;
				SWIFT_VERSION = 5.0;
				TARGETED_DEVICE_FAMILY = "1,2";
				VALIDATE_PRODUCT = YES;
			};
			name = Release;
		};
		ADDE38DC2796E23C00BAA466 /* Debug */ = {
			isa = XCBuildConfiguration;
			buildSettings = {
				ASSETCATALOG_COMPILER_APPICON_NAME = AppIcon;
				ASSETCATALOG_COMPILER_GLOBAL_ACCENT_COLOR_NAME = AccentColor;
				CODE_SIGN_ENTITLEMENTS = macOS/macOS.entitlements;
				CODE_SIGN_STYLE = Automatic;
				COMBINE_HIDPI_IMAGES = YES;
				CURRENT_PROJECT_VERSION = 1;
				DEVELOPMENT_TEAM = B8ANYGLUWU;
				ENABLE_HARDENED_RUNTIME = YES;
				ENABLE_PREVIEWS = YES;
				GENERATE_INFOPLIST_FILE = YES;
				INFOPLIST_KEY_NSHumanReadableCopyright = "";
				LD_RUNPATH_SEARCH_PATHS = (
					"$(inherited)",
					"@executable_path/../Frameworks",
				);
				MACOSX_DEPLOYMENT_TARGET = 12.1;
				MARKETING_VERSION = 1.0;
				PRODUCT_BUNDLE_IDENTIFIER = com.sangku.currencycalculator;
				PRODUCT_NAME = currencycalculator;
				SDKROOT = macosx;
				SWIFT_EMIT_LOC_STRINGS = YES;
				SWIFT_VERSION = 5.0;
			};
			name = Debug;
		};
		ADDE38DD2796E23C00BAA466 /* Release */ = {
			isa = XCBuildConfiguration;
			buildSettings = {
				ASSETCATALOG_COMPILER_APPICON_NAME = AppIcon;
				ASSETCATALOG_COMPILER_GLOBAL_ACCENT_COLOR_NAME = AccentColor;
				CODE_SIGN_ENTITLEMENTS = macOS/macOS.entitlements;
				CODE_SIGN_STYLE = Automatic;
				COMBINE_HIDPI_IMAGES = YES;
				CURRENT_PROJECT_VERSION = 1;
				DEVELOPMENT_TEAM = B8ANYGLUWU;
				ENABLE_HARDENED_RUNTIME = YES;
				ENABLE_PREVIEWS = YES;
				GENERATE_INFOPLIST_FILE = YES;
				INFOPLIST_KEY_NSHumanReadableCopyright = "";
				LD_RUNPATH_SEARCH_PATHS = (
					"$(inherited)",
					"@executable_path/../Frameworks",
				);
				MACOSX_DEPLOYMENT_TARGET = 12.1;
				MARKETING_VERSION = 1.0;
				PRODUCT_BUNDLE_IDENTIFIER = com.sangku.currencycalculator;
				PRODUCT_NAME = currencycalculator;
				SDKROOT = macosx;
				SWIFT_EMIT_LOC_STRINGS = YES;
				SWIFT_VERSION = 5.0;
			};
			name = Release;
		};
/* End XCBuildConfiguration section */

/* Begin XCConfigurationList section */
		ADDE38BE2796E23B00BAA466 /* Build configuration list for PBXProject "currencycalculator" */ = {
			isa = XCConfigurationList;
			buildConfigurations = (
				ADDE38D62796E23C00BAA466 /* Debug */,
				ADDE38D72796E23C00BAA466 /* Release */,
			);
			defaultConfigurationIsVisible = 0;
			defaultConfigurationName = Release;
		};
		ADDE38D82796E23C00BAA466 /* Build configuration list for PBXNativeTarget "currencycalculator (iOS)" */ = {
			isa = XCConfigurationList;
			buildConfigurations = (
				ADDE38D92796E23C00BAA466 /* Debug */,
				ADDE38DA2796E23C00BAA466 /* Release */,
			);
			defaultConfigurationIsVisible = 0;
			defaultConfigurationName = Release;
		};
		ADDE38DB2796E23C00BAA466 /* Build configuration list for PBXNativeTarget "currencycalculator (macOS)" */ = {
			isa = XCConfigurationList;
			buildConfigurations = (
				ADDE38DC2796E23C00BAA466 /* Debug */,
				ADDE38DD2796E23C00BAA466 /* Release */,
			);
			defaultConfigurationIsVisible = 0;
			defaultConfigurationName = Release;
		};
/* End XCConfigurationList section */

/* Begin XCRemoteSwiftPackageReference section */
		ADE9E10C2796E3C300ED789F /* XCRemoteSwiftPackageReference "Alamofire" */ = {
			isa = XCRemoteSwiftPackageReference;
			repositoryURL = "https://github.com/Alamofire/Alamofire";
			requirement = {
				branch = master;
				kind = branch;
			};
		};
		ADE9E11C2796E8A400ED789F /* XCRemoteSwiftPackageReference "AlamofireNetworkActivityLogger" */ = {
			isa = XCRemoteSwiftPackageReference;
			repositoryURL = "https://github.com/konkab/AlamofireNetworkActivityLogger";
			requirement = {
				branch = master;
				kind = branch;
			};
		};
/* End XCRemoteSwiftPackageReference section */

/* Begin XCSwiftPackageProductDependency section */
		ADE9E10D2796E3C300ED789F /* Alamofire */ = {
			isa = XCSwiftPackageProductDependency;
			package = ADE9E10C2796E3C300ED789F /* XCRemoteSwiftPackageReference "Alamofire" */;
			productName = Alamofire;
		};
		ADE9E11D2796E8A400ED789F /* AlamofireNetworkActivityLogger */ = {
			isa = XCSwiftPackageProductDependency;
			package = ADE9E11C2796E8A400ED789F /* XCRemoteSwiftPackageReference "AlamofireNetworkActivityLogger" */;
			productName = AlamofireNetworkActivityLogger;
		};
/* End XCSwiftPackageProductDependency section */
	};
	rootObject = ADDE38BB2796E23B00BAA466 /* Project object */;
}
